
Microsoft Visual Studio Solution File, Format Version 12.00
# Visual Studio Version 17
VisualStudioVersion = 17.7.34221.43
MinimumVisualStudioVersion = 10.0.40219.1
Project("{8BC9CEB8-8B4A-11D0-8D11-00A0C91BC942}") = "MASM", "MASM\MASM.vcxproj", "{98B6BDDC-1E8D-4CEE-8FF7-10C4DB3514DC}"
EndProject
Project("{8BC9CEB8-8B4A-11D0-8D11-00A0C91BC942}") = "HelloWorld", "HelloWorld\HelloWorld.vcxproj", "{10982670-0D39-4A23-AB85-A7A8911486DA}"
EndProject
Project("{8BC9CEB8-8B4A-11D0-8D11-00A0C91BC942}") = "HelloName", "HelloName\HelloName.vcxproj", "{84170E7A-E5A8-4563-AB80-D695CC75F298}"
EndProject
Project("{8BC9CEB8-8B4A-11D0-8D11-00A0C91BC942}") = "ecx compare", "ecx compare\ecx compare.vcxproj", "{DEEDB8BB-7E62-4045-81DD-3E99D9030D1C}"
EndProject
Project("{8BC9CEB8-8B4A-11D0-8D11-00A0C91BC942}") = "Exchange", "Assembly Assignment 1\Assembly Assignment 1.vcxproj", "{57ED860D-66E8-468F-B292-292F7CE60F2E}"
EndProject
Project("{8BC9CEB8-8B4A-11D0-8D11-00A0C91BC942}") = "Itteration", "Itteration\Itteration.vcxproj", "{60E5489B-6B56-47B1-B0AF-D7D0B6BBF4B1}"
EndProject
Project("{8BC9CEB8-8B4A-11D0-8D11-00A0C91BC942}") = "Fibonacci", "Fibonacci\Fibonacci.vcxproj", "{FECE06B1-57D9-42DD-9718-859BFF31C720}"
EndProject
Project("{8BC9CEB8-8B4A-11D0-8D11-00A0C91BC942}") = "FibonacciLoop", "FibonacciLoop\FibonacciLoop.vcxproj", "{6E2BF090-6E59-49F5-B4A7-AE0FA467ADA0}"
EndProject
Project("{8BC9CEB8-8B4A-11D0-8D11-00A0C91BC942}") = "PrintLine", "PrintLine\PrintLine.vcxproj", "{D72FF1DC-8D12-4981-A2C9-FEC8821C895D}"
EndProject
Project("{8BC9CEB8-8B4A-11D0-8D11-00A0C91BC942}") = "AToI", "AToI\AToI.vcxproj", "{C3083FE2-6016-4B45-8B5C-784116084434}"
EndProject
Global
	GlobalSection(SolutionConfigurationPlatforms) = preSolution
		Debug|x64 = Debug|x64
		Debug|x86 = Debug|x86
		Release|x64 = Release|x64
		Release|x86 = Release|x86
	EndGlobalSection
	GlobalSection(ProjectConfigurationPlatforms) = postSolution
		{98B6BDDC-1E8D-4CEE-8FF7-10C4DB3514DC}.Debug|x64.ActiveCfg = Debug|x64
		{98B6BDDC-1E8D-4CEE-8FF7-10C4DB3514DC}.Debug|x64.Build.0 = Debug|x64
		{98B6BDDC-1E8D-4CEE-8FF7-10C4DB3514DC}.Debug|x86.ActiveCfg = Debug|Win32
		{98B6BDDC-1E8D-4CEE-8FF7-10C4DB3514DC}.Debug|x86.Build.0 = Debug|Win32
		{98B6BDDC-1E8D-4CEE-8FF7-10C4DB3514DC}.Release|x64.ActiveCfg = Release|x64
		{98B6BDDC-1E8D-4CEE-8FF7-10C4DB3514DC}.Release|x64.Build.0 = Release|x64
		{98B6BDDC-1E8D-4CEE-8FF7-10C4DB3514DC}.Release|x86.ActiveCfg = Release|Win32
		{98B6BDDC-1E8D-4CEE-8FF7-10C4DB3514DC}.Release|x86.Build.0 = Release|Win32
		{10982670-0D39-4A23-AB85-A7A8911486DA}.Debug|x64.ActiveCfg = Debug|x64
		{10982670-0D39-4A23-AB85-A7A8911486DA}.Debug|x64.Build.0 = Debug|x64
		{10982670-0D39-4A23-AB85-A7A8911486DA}.Debug|x86.ActiveCfg = Debug|Win32
		{10982670-0D39-4A23-AB85-A7A8911486DA}.Debug|x86.Build.0 = Debug|Win32
		{10982670-0D39-4A23-AB85-A7A8911486DA}.Release|x64.ActiveCfg = Release|x64
		{10982670-0D39-4A23-AB85-A7A8911486DA}.Release|x64.Build.0 = Release|x64
		{10982670-0D39-4A23-AB85-A7A8911486DA}.Release|x86.ActiveCfg = Release|Win32
		{10982670-0D39-4A23-AB85-A7A8911486DA}.Release|x86.Build.0 = Release|Win32
		{84170E7A-E5A8-4563-AB80-D695CC75F298}.Debug|x64.ActiveCfg = Debug|x64
		{84170E7A-E5A8-4563-AB80-D695CC75F298}.Debug|x64.Build.0 = Debug|x64
		{84170E7A-E5A8-4563-AB80-D695CC75F298}.Debug|x86.ActiveCfg = Debug|Win32
		{84170E7A-E5A8-4563-AB80-D695CC75F298}.Debug|x86.Build.0 = Debug|Win32
		{84170E7A-E5A8-4563-AB80-D695CC75F298}.Release|x64.ActiveCfg = Release|x64
		{84170E7A-E5A8-4563-AB80-D695CC75F298}.Release|x64.Build.0 = Release|x64
		{84170E7A-E5A8-4563-AB80-D695CC75F298}.Release|x86.ActiveCfg = Release|Win32
		{84170E7A-E5A8-4563-AB80-D695CC75F298}.Release|x86.Build.0 = Release|Win32
		{DEEDB8BB-7E62-4045-81DD-3E99D9030D1C}.Debug|x64.ActiveCfg = Debug|x64
		{DEEDB8BB-7E62-4045-81DD-3E99D9030D1C}.Debug|x64.Build.0 = Debug|x64
		{DEEDB8BB-7E62-4045-81DD-3E99D9030D1C}.Debug|x86.ActiveCfg = Debug|Win32
		{DEEDB8BB-7E62-4045-81DD-3E99D9030D1C}.Debug|x86.Build.0 = Debug|Win32
		{DEEDB8BB-7E62-4045-81DD-3E99D9030D1C}.Release|x64.ActiveCfg = Release|x64
		{DEEDB8BB-7E62-4045-81DD-3E99D9030D1C}.Release|x64.Build.0 = Release|x64
		{DEEDB8BB-7E62-4045-81DD-3E99D9030D1C}.Release|x86.ActiveCfg = Release|Win32
		{DEEDB8BB-7E62-4045-81DD-3E99D9030D1C}.Release|x86.Build.0 = Release|Win32
		{57ED860D-66E8-468F-B292-292F7CE60F2E}.Debug|x64.ActiveCfg = Debug|x64
		{57ED860D-66E8-468F-B292-292F7CE60F2E}.Debug|x64.Build.0 = Debug|x64
		{57ED860D-66E8-468F-B292-292F7CE60F2E}.Debug|x86.ActiveCfg = Debug|Win32
		{57ED860D-66E8-468F-B292-292F7CE60F2E}.Debug|x86.Build.0 = Debug|Win32
		{57ED860D-66E8-468F-B292-292F7CE60F2E}.Release|x64.ActiveCfg = Release|x64
		{57ED860D-66E8-468F-B292-292F7CE60F2E}.Release|x64.Build.0 = Release|x64
		{57ED860D-66E8-468F-B292-292F7CE60F2E}.Release|x86.ActiveCfg = Release|Win32
		{57ED860D-66E8-468F-B292-292F7CE60F2E}.Release|x86.Build.0 = Release|Win32
		{60E5489B-6B56-47B1-B0AF-D7D0B6BBF4B1}.Debug|x64.ActiveCfg = Debug|x64
		{60E5489B-6B56-47B1-B0AF-D7D0B6BBF4B1}.Debug|x64.Build.0 = Debug|x64
		{60E5489B-6B56-47B1-B0AF-D7D0B6BBF4B1}.Debug|x86.ActiveCfg = Debug|Win32
		{60E5489B-6B56-47B1-B0AF-D7D0B6BBF4B1}.Debug|x86.Build.0 = Debug|Win32
		{60E5489B-6B56-47B1-B0AF-D7D0B6BBF4B1}.Release|x64.ActiveCfg = Release|x64
		{60E5489B-6B56-47B1-B0AF-D7D0B6BBF4B1}.Release|x64.Build.0 = Release|x64
		{60E5489B-6B56-47B1-B0AF-D7D0B6BBF4B1}.Release|x86.ActiveCfg = Release|Win32
		{60E5489B-6B56-47B1-B0AF-D7D0B6BBF4B1}.Release|x86.Build.0 = Release|Win32
		{FECE06B1-57D9-42DD-9718-859BFF31C720}.Debug|x64.ActiveCfg = Debug|x64
		{FECE06B1-57D9-42DD-9718-859BFF31C720}.Debug|x64.Build.0 = Debug|x64
		{FECE06B1-57D9-42DD-9718-859BFF31C720}.Debug|x86.ActiveCfg = Debug|Win32
		{FECE06B1-57D9-42DD-9718-859BFF31C720}.Debug|x86.Build.0 = Debug|Win32
		{FECE06B1-57D9-42DD-9718-859BFF31C720}.Release|x64.ActiveCfg = Release|x64
		{FECE06B1-57D9-42DD-9718-859BFF31C720}.Release|x64.Build.0 = Release|x64
		{FECE06B1-57D9-42DD-9718-859BFF31C720}.Release|x86.ActiveCfg = Release|Win32
		{FECE06B1-57D9-42DD-9718-859BFF31C720}.Release|x86.Build.0 = Release|Win32
		{6E2BF090-6E59-49F5-B4A7-AE0FA467ADA0}.Debug|x64.ActiveCfg = Debug|x64
		{6E2BF090-6E59-49F5-B4A7-AE0FA467ADA0}.Debug|x64.Build.0 = Debug|x64
		{6E2BF090-6E59-49F5-B4A7-AE0FA467ADA0}.Debug|x86.ActiveCfg = Debug|Win32
		{6E2BF090-6E59-49F5-B4A7-AE0FA467ADA0}.Debug|x86.Build.0 = Debug|Win32
		{6E2BF090-6E59-49F5-B4A7-AE0FA467ADA0}.Release|x64.ActiveCfg = Release|x64
		{6E2BF090-6E59-49F5-B4A7-AE0FA467ADA0}.Release|x64.Build.0 = Release|x64
		{6E2BF090-6E59-49F5-B4A7-AE0FA467ADA0}.Release|x86.ActiveCfg = Release|Win32
		{6E2BF090-6E59-49F5-B4A7-AE0FA467ADA0}.Release|x86.Build.0 = Release|Win32
		{D72FF1DC-8D12-4981-A2C9-FEC8821C895D}.Debug|x64.ActiveCfg = Debug|x64
		{D72FF1DC-8D12-4981-A2C9-FEC8821C895D}.Debug|x64.Build.0 = Debug|x64
		{D72FF1DC-8D12-4981-A2C9-FEC8821C895D}.Debug|x86.ActiveCfg = Debug|Win32
		{D72FF1DC-8D12-4981-A2C9-FEC8821C895D}.Debug|x86.Build.0 = Debug|Win32
		{D72FF1DC-8D12-4981-A2C9-FEC8821C895D}.Release|x64.ActiveCfg = Release|x64
		{D72FF1DC-8D12-4981-A2C9-FEC8821C895D}.Release|x64.Build.0 = Release|x64
		{D72FF1DC-8D12-4981-A2C9-FEC8821C895D}.Release|x86.ActiveCfg = Release|Win32
		{D72FF1DC-8D12-4981-A2C9-FEC8821C895D}.Release|x86.Build.0 = Release|Win32
		{C3083FE2-6016-4B45-8B5C-784116084434}.Debug|x64.ActiveCfg = Debug|x64
		{C3083FE2-6016-4B45-8B5C-784116084434}.Debug|x64.Build.0 = Debug|x64
		{C3083FE2-6016-4B45-8B5C-784116084434}.Debug|x86.ActiveCfg = Debug|Win32
		{C3083FE2-6016-4B45-8B5C-784116084434}.Debug|x86.Build.0 = Debug|Win32
		{C3083FE2-6016-4B45-8B5C-784116084434}.Release|x64.ActiveCfg = Release|x64
		{C3083FE2-6016-4B45-8B5C-784116084434}.Release|x64.Build.0 = Release|x64
		{C3083FE2-6016-4B45-8B5C-784116084434}.Release|x86.ActiveCfg = Release|Win32
		{C3083FE2-6016-4B45-8B5C-784116084434}.Release|x86.Build.0 = Release|Win32
	EndGlobalSection
	GlobalSection(SolutionProperties) = preSolution
		HideSolutionNode = FALSE
	EndGlobalSection
	GlobalSection(ExtensibilityGlobals) = postSolution
		SolutionGuid = {7465D928-A064-403A-889D-9103D7159E3D}
	EndGlobalSection
EndGlobal
